// !$*UTF8*$!
{
	archiveVersion = 1;
	classes = {
	};
	objectVersion = 46;
	objects = {

/* Begin PBXBuildFile section */
		A469DFC51E65FBD300F1EE50 /* AppDelegate.swift in Sources */ = {isa = PBXBuildFile; fileRef = A469DFC41E65FBD300F1EE50 /* AppDelegate.swift */; };
		A469DFCB1E65FBD300F1EE50 /* GameScene.swift in Sources */ = {isa = PBXBuildFile; fileRef = A469DFCA1E65FBD300F1EE50 /* GameScene.swift */; };
		A469DFCD1E65FBD300F1EE50 /* ViewController.swift in Sources */ = {isa = PBXBuildFile; fileRef = A469DFCC1E65FBD300F1EE50 /* ViewController.swift */; };
		A469DFCF1E65FBD300F1EE50 /* Assets.xcassets in Resources */ = {isa = PBXBuildFile; fileRef = A469DFCE1E65FBD300F1EE50 /* Assets.xcassets */; };
		A469DFD21E65FBD300F1EE50 /* Main.storyboard in Resources */ = {isa = PBXBuildFile; fileRef = A469DFD01E65FBD300F1EE50 /* Main.storyboard */; };
/* End PBXBuildFile section */

/* Begin PBXFileReference section */
		A41A42AD1EA92DBC006219D4 /* Independent_Study_Project_-_Checkpoint_1.docx */ = {isa = PBXFileReference; lastKnownFileType = file; path = "Independent_Study_Project_-_Checkpoint_1.docx"; sourceTree = "<group>"; };
		A469DFC11E65FBD300F1EE50 /* Car park game.app */ = {isa = PBXFileReference; explicitFileType = wrapper.application; includeInIndex = 0; path = "Car park game.app"; sourceTree = BUILT_PRODUCTS_DIR; };
		A469DFC41E65FBD300F1EE50 /* AppDelegate.swift */ = {isa = PBXFileReference; lastKnownFileType = sourcecode.swift; path = AppDelegate.swift; sourceTree = "<group>"; };
		A469DFCA1E65FBD300F1EE50 /* GameScene.swift */ = {isa = PBXFileReference; lastKnownFileType = sourcecode.swift; path = GameScene.swift; sourceTree = "<group>"; };
		A469DFCC1E65FBD300F1EE50 /* ViewController.swift */ = {isa = PBXFileReference; lastKnownFileType = sourcecode.swift; path = ViewController.swift; sourceTree = "<group>"; };
		A469DFCE1E65FBD300F1EE50 /* Assets.xcassets */ = {isa = PBXFileReference; lastKnownFileType = folder.assetcatalog; path = Assets.xcassets; sourceTree = "<group>"; };
		A469DFD11E65FBD300F1EE50 /* Base */ = {isa = PBXFileReference; lastKnownFileType = file.storyboard; name = Base; path = Base.lproj/Main.storyboard; sourceTree = "<group>"; };
		A469DFD31E65FBD300F1EE50 /* Info.plist */ = {isa = PBXFileReference; lastKnownFileType = text.plist.xml; path = Info.plist; sourceTree = "<group>"; };
		A469DFD91E65FD7B00F1EE50 /* Grade_11_Computer_Science_ISP_Proposal_-_Exemplar.docx */ = {isa = PBXFileReference; lastKnownFileType = file; name = "Grade_11_Computer_Science_ISP_Proposal_-_Exemplar.docx"; path = "../Grade_11_Computer_Science_ISP_Proposal_-_Exemplar.docx"; sourceTree = "<group>"; };
/* End PBXFileReference section */

/* Begin PBXFrameworksBuildPhase section */
		A469DFBE1E65FBD200F1EE50 /* Frameworks */ = {
			isa = PBXFrameworksBuildPhase;
			buildActionMask = 2147483647;
			files = (
			);
			runOnlyForDeploymentPostprocessing = 0;
		};
/* End PBXFrameworksBuildPhase section */

/* Begin PBXGroup section */
		A469DFB81E65FBD200F1EE50 = {
			isa = PBXGroup;
			children = (
				A469DFC31E65FBD300F1EE50 /* Car park game */,
				A469DFC21E65FBD300F1EE50 /* Products */,
			);
			sourceTree = "<group>";
		};
		A469DFC21E65FBD300F1EE50 /* Products */ = {
			isa = PBXGroup;
			children = (
				A469DFC11E65FBD300F1EE50 /* Car park game.app */,
			);
			name = Products;
			sourceTree = "<group>";
		};
		A469DFC31E65FBD300F1EE50 /* Car park game */ = {
			isa = PBXGroup;
			children = (
				A469DFD91E65FD7B00F1EE50 /* Grade_11_Computer_Science_ISP_Proposal_-_Exemplar.docx */,
				A41A42AD1EA92DBC006219D4 /* Independent_Study_Project_-_Checkpoint_1.docx */,
				A469DFC41E65FBD300F1EE50 /* AppDelegate.swift */,
				A469DFCA1E65FBD300F1EE50 /* GameScene.swift */,
				A469DFCC1E65FBD300F1EE50 /* ViewController.swift */,
				A469DFCE1E65FBD300F1EE50 /* Assets.xcassets */,
				A469DFD01E65FBD300F1EE50 /* Main.storyboard */,
				A469DFD31E65FBD300F1EE50 /* Info.plist */,
			);
			path = "Car park game";
			sourceTree = "<group>";
		};
/* End PBXGroup section */

/* Begin PBXNativeTarget section */
		A469DFC01E65FBD200F1EE50 /* Car park game */ = {
			isa = PBXNativeTarget;
			buildConfigurationList = A469DFD61E65FBD300F1EE50 /* Build configuration list for PBXNativeTarget "Car park game" */;
			buildPhases = (
				A469DFBD1E65FBD200F1EE50 /* Sources */,
				A469DFBE1E65FBD200F1EE50 /* Frameworks */,
				A469DFBF1E65FBD200F1EE50 /* Resources */,
			);
			buildRules = (
			);
			dependencies = (
			);
			name = "Car park game";
			productName = "Car park game";
			productReference = A469DFC11E65FBD300F1EE50 /* Car park game.app */;
			productType = "com.apple.product-type.application";
		};
/* End PBXNativeTarget section */

/* Begin PBXProject section */
		A469DFB91E65FBD200F1EE50 /* Project object */ = {
			isa = PBXProject;
			attributes = {
				LastSwiftUpdateCheck = 0820;
				LastUpgradeCheck = 0820;
				ORGANIZATIONNAME = Jasper;
				TargetAttributes = {
					A469DFC01E65FBD200F1EE50 = {
						CreatedOnToolsVersion = 8.2.1;
						ProvisioningStyle = Automatic;
					};
				};
			};
			buildConfigurationList = A469DFBC1E65FBD200F1EE50 /* Build configuration list for PBXProject "Car park game" */;
			compatibilityVersion = "Xcode 3.2";
			developmentRegion = English;
			hasScannedForEncodings = 0;
			knownRegions = (
				en,
				Base,
			);
			mainGroup = A469DFB81E65FBD200F1EE50;
			productRefGroup = A469DFC21E65FBD300F1EE50 /* Products */;
			projectDirPath = "";
			projectRoot = "";
			targets = (
				A469DFC01E65FBD200F1EE50 /* Car park game */,
			);
		};
/* End PBXProject section */

/* Begin PBXResourcesBuildPhase section */
		A469DFBF1E65FBD200F1EE50 /* Resources */ = {
			isa = PBXResourcesBuildPhase;
			buildActionMask = 2147483647;
			files = (
				A469DFCF1E65FBD300F1EE50 /* Assets.xcassets in Resources */,
				A469DFD21E65FBD300F1EE50 /* Main.storyboard in Resources */,
			);
			runOnlyForDeploymentPostprocessing = 0;
		};
/* End PBXResourcesBuildPhase section */

/* Begin PBXSourcesBuildPhase section */
		A469DFBD1E65FBD200F1EE50 /* Sources */ = {
			isa = PBXSourcesBuildPhase;
			buildActionMask = 2147483647;
			files = (
				A469DFCD1E65FBD300F1EE50 /* ViewController.swift in Sources */,
				A469DFCB1E65FBD300F1EE50 /* GameScene.swift in Sources */,
				A469DFC51E65FBD300F1EE50 /* AppDelegate.swift in Sources */,
			);
			runOnlyForDeploymentPostprocessing = 0;
		};
/* End PBXSourcesBuildPhase section */

/* Begin PBXVariantGroup section */
		A469DFD01E65FBD300F1EE50 /* Main.storyboard */ = {
			isa = PBXVariantGroup;
			children = (
				A469DFD11E65FBD300F1EE50 /* Base */,
			);
			name = Main.storyboard;
			sourceTree = "<group>";
		};
/* End PBXVariantGroup section */

/* Begin XCBuildConfiguration section */
		A469DFD41E65FBD300F1EE50 /* Debug */ = {
			isa = XCBuildConfiguration;
			buildSettings = {
				ALWAYS_SEARCH_USER_PATHS = NO;
				CLANG_ANALYZER_NONNULL = YES;
				CLANG_CXX_LANGUAGE_STANDARD = "gnu++0x";
				CLANG_CXX_LIBRARY = "libc++";
				CLANG_ENABLE_MODULES = YES;
				CLANG_ENABLE_OBJC_ARC = YES;
				CLANG_WARN_BOOL_CONVERSION = YES;
				CLANG_WARN_CONSTANT_CONVERSION = YES;
				CLANG_WARN_DIRECT_OBJC_ISA_USAGE = YES_ERROR;
				CLANG_WARN_DOCUMENTATION_COMMENTS = YES;
				CLANG_WARN_EMPTY_BODY = YES;
				CLANG_WARN_ENUM_CONVERSION = YES;
				CLANG_WARN_INFINITE_RECURSION = YES;
				CLANG_WARN_INT_CONVERSION = YES;
				CLANG_WARN_OBJC_ROOT_CLASS = YES_ERROR;
				CLANG_WARN_SUSPICIOUS_MOVE = YES;
				CLANG_WARN_UNREACHABLE_CODE = YES;
				CLANG_WARN__DUPLICATE_METHOD_MATCH = YES;
				CODE_SIGN_IDENTITY = "-";
				COPY_PHASE_STRIP = NO;
				DEBUG_INFORMATION_FORMAT = dwarf;
				ENABLE_STRICT_OBJC_MSGSEND = YES;
				ENABLE_TESTABILITY = YES;
				GCC_C_LANGUAGE_STANDARD = gnu99;
				GCC_DYNAMIC_NO_PIC = NO;
				GCC_NO_COMMON_BLOCKS = YES;
				GCC_OPTIMIZATION_LEVEL = 0;
				GCC_PREPROCESSOR_DEFINITIONS = (
					"DEBUG=1",
					"$(inherited)",
				);
				GCC_WARN_64_TO_32_BIT_CONVERSION = YES;
				GCC_WARN_ABOUT_RETURN_TYPE = YES_ERROR;
				GCC_WARN_UNDECLARED_SELECTOR = YES;
				GCC_WARN_UNINITIALIZED_AUTOS = YES_AGGRESSIVE;
				GCC_WARN_UNUSED_FUNCTION = YES;
				GCC_WARN_UNUSED_VARIABLE = YES;
				MACOSX_DEPLOYMENT_TARGET = 10.11;
				MTL_ENABLE_DEBUG_INFO = YES;
				ONLY_ACTIVE_ARCH = YES;
				SDKROOT = macosx;
				SWIFT_ACTIVE_COMPILATION_CONDITIONS = DEBUG;
				SWIFT_OPTIMIZATION_LEVEL = "-Onone";
			};
			name = Debug;
		};
		A469DFD51E65FBD300F1EE50 /* Release */ = {
			isa = XCBuildConfiguration;
			buildSettings = {
				ALWAYS_SEARCH_USER_PATHS = NO;
				CLANG_ANALYZER_NONNULL = YES;
				CLANG_CXX_LANGUAGE_STANDARD = "gnu++0x";
				CLANG_CXX_LIBRARY = "libc++";
				CLANG_ENABLE_MODULES = YES;
				CLANG_ENABLE_OBJC_ARC = YES;
				CLANG_WARN_BOOL_CONVERSION = YES;
				CLANG_WARN_CONSTANT_CONVERSION = YES;
				CLANG_WARN_DIRECT_OBJC_ISA_USAGE = YES_ERROR;
				CLANG_WARN_DOCUMENTATION_COMMENTS = YES;
				CLANG_WARN_EMPTY_BODY = YES;
				CLANG_WARN_ENUM_CONVERSION = YES;
				CLANG_WARN_INFINITE_RECURSION = YES;
				CLANG_WARN_INT_CONVERSION = YES;
				CLANG_WARN_OBJC_ROOT_CLASS = YES_ERROR;
				CLANG_WARN_SUSPICIOUS_MOVE = YES;
				CLANG_WARN_UNREACHABLE_CODE = YES;
				CLANG_WARN__DUPLICATE_METHOD_MATCH = YES;
				CODE_SIGN_IDENTITY = "-";
				COPY_PHASE_STRIP = NO;
				DEBUG_INFORMATION_FORMAT = "dwarf-with-dsym";
				ENABLE_NS_ASSERTIONS = NO;
				ENABLE_STRICT_OBJC_MSGSEND = YES;
				GCC_C_LANGUAGE_STANDARD = gnu99;
				GCC_NO_COMMON_BLOCKS = YES;
				GCC_WARN_64_TO_32_BIT_CONVERSION = YES;
				GCC_WARN_ABOUT_RETURN_TYPE = YES_ERROR;
				GCC_WARN_UNDECLARED_SELECTOR = YES;
				GCC_WARN_UNINITIALIZED_AUTOS = YES_AGGRESSIVE;
				GCC_WARN_UNUSED_FUNCTION = YES;
				GCC_WARN_UNUSED_VARIABLE = YES;
				MACOSX_DEPLOYMENT_TARGET = 10.11;
				MTL_ENABLE_DEBUG_INFO = NO;
				SDKROOT = macosx;
				SWIFT_OPTIMIZATION_LEVEL = "-Owholemodule";
			};
			name = Release;
		};
		A469DFD71E65FBD300F1EE50 /* Debug */ = {
			isa = XCBuildConfiguration;
			buildSettings = {
				ASSETCATALOG_COMPILER_APPICON_NAME = AppIcon;
				COMBINE_HIDPI_IMAGES = YES;
				INFOPLIST_FILE = "Car park game/Info.plist";
				LD_RUNPATH_SEARCH_PATHS = "$(inherited) @executable_path/../Frameworks";
				PRODUCT_BUNDLE_IDENTIFIER = "RSGC.Car-park-game";
				PRODUCT_NAME = "$(TARGET_NAME)";
				SWIFT_VERSION = 3.0;
			};
			name = Debug;
		};
		A469DFD81E65FBD300F1EE50 /* Release */ = {
			isa = XCBuildConfiguration;
			buildSettings = {
				ASSETCATALOG_COMPILER_APPICON_NAME = AppIcon;
				COMBINE_HIDPI_IMAGES = YES;
				INFOPLIST_FILE = "Car park game/Info.plist";
				LD_RUNPATH_SEARCH_PATHS = "$(inherited) @executable_path/../Frameworks";
				PRODUCT_BUNDLE_IDENTIFIER = "RSGC.Car-park-game";
				PRODUCT_NAME = "$(TARGET_NAME)";
				SWIFT_VERSION = 3.0;
			};
			name = Release;
		};
/* End XCBuildConfiguration section */

/* Begin XCConfigurationList section */
		A469DFBC1E65FBD200F1EE50 /* Build configuration list for PBXProject "Car park game" */ = {
			isa = XCConfigurationList;
			buildConfigurations = (
				A469DFD41E65FBD300F1EE50 /* Debug */,
				A469DFD51E65FBD300F1EE50 /* Release */,
			);
			defaultConfigurationIsVisible = 0;
			defaultConfigurationName = Release;
		};
		A469DFD61E65FBD300F1EE50 /* Build configuration list for PBXNativeTarget "Car park game" */ = {
			isa = XCConfigurationList;
			buildConfigurations = (
				A469DFD71E65FBD300F1EE50 /* Debug */,
				A469DFD81E65FBD300F1EE50 /* Release */,
			);
			defaultConfigurationIsVisible = 0;
			defaultConfigurationName = Release;
		};
/* End XCConfigurationList section */
	};
	rootObject = A469DFB91E65FBD200F1EE50 /* Project object */;
}
